
Microsoft Visual Studio Solution File, Format Version 12.00
# Visual Studio Version 17
VisualStudioVersion = 17.5.33516.290
MinimumVisualStudioVersion = 10.0.40219.1
Project("{9A19103F-16F7-4668-BE54-9A1E7A4F7556}") = "Fx.Helpers", "Helpers\Fx.Helpers\Fx.Helpers.csproj", "{76305502-EA0C-4F00-B0BC-4E5934CF515A}"
EndProject
Project("{2150E333-8FDC-42A3-9474-1A3956D46DE8}") = "Helpers", "Helpers", "{BECFCA21-A402-4DDA-B876-8F0B088895EC}"
EndProject
Project("{2150E333-8FDC-42A3-9474-1A3956D46DE8}") = "Tests", "Tests", "{926BD25E-7FDB-4F91-A532-241D77790E3D}"
EndProject
Project("{9A19103F-16F7-4668-BE54-9A1E7A4F7556}") = "TestNetworkInfo", "Tests\TestNetworkInfo\TestNetworkInfo.csproj", "{BF87FC17-BD8F-46A4-8023-D64498ED1665}"
EndProject
Project("{2150E333-8FDC-42A3-9474-1A3956D46DE8}") = "Contract", "Contract", "{899CFA02-F667-43F1-A9CC-CCE3D130780B}"
EndProject
Project("{2150E333-8FDC-42A3-9474-1A3956D46DE8}") = "Receiver", "Receiver", "{D0EA8292-AE06-4BDE-9B48-97952EAC0251}"
EndProject
Project("{9A19103F-16F7-4668-BE54-9A1E7A4F7556}") = "Fx.Receiver.Console", "Receiver\Fx.Receiver\Fx.Receiver.Console.csproj", "{896BDAD4-EC03-44DD-8B84-531BAB90A53E}"
EndProject
Project("{2150E333-8FDC-42A3-9474-1A3956D46DE8}") = "Azure Relay", "Azure Relay", "{207FA21F-7A03-459F-91F3-8E65918B307A}"
EndProject
Project("{9A19103F-16F7-4668-BE54-9A1E7A4F7556}") = "TestAzureRelay", "Tests\TestAzureRelay\TestAzureRelay.csproj", "{33501173-4FF9-4E13-A5D2-398373F01E53}"
EndProject
Project("{9A19103F-16F7-4668-BE54-9A1E7A4F7556}") = "Fx.Receiver.Relay", "Receiver\Azure Relay\Fx.Azure.Relay\Fx.Receiver.Relay.csproj", "{AEC39C51-FE66-4446-A543-CFB67D856B3E}"
EndProject
Project("{2150E333-8FDC-42A3-9474-1A3956D46DE8}") = "Azure WebSocket", "Azure WebSocket", "{7563C0AD-3727-46DF-A64D-7B77B3C8D0A9}"
EndProject
Project("{9A19103F-16F7-4668-BE54-9A1E7A4F7556}") = "Fx.Receiver.WebSocket", "Receiver\Azure WebSocket\Fx.Azure.WebSocket\Fx.Receiver.WebSocket.csproj", "{58A68CDF-682F-4572-B91B-65FE28FB96B2}"
EndProject
Project("{2150E333-8FDC-42A3-9474-1A3956D46DE8}") = "Receiver", "Receiver", "{13725CB6-E124-456C-9D91-6BAE5D699BEC}"
EndProject
Project("{9A19103F-16F7-4668-BE54-9A1E7A4F7556}") = "Fx.Receiver", "Contract\Receiver\Fx.Receiver.csproj", "{A7A2BD84-9C0C-4224-BD30-DED07EC72EEA}"
EndProject
Project("{2150E333-8FDC-42A3-9474-1A3956D46DE8}") = "Injector", "Injector", "{18A2FE72-5B19-42C5-B4AE-2FF899284C50}"
EndProject
Project("{FAE04EC0-301F-11D3-BF4B-00C04F79EFBC}") = "Fx.Injector", "Contract\Injector\Fx.Injector\Fx.Injector.csproj", "{2FB1EC55-4559-440F-AE74-2A4D5B09BCDD}"
EndProject
Project("{2150E333-8FDC-42A3-9474-1A3956D46DE8}") = "Injector", "Injector", "{CCA40115-599D-4E30-A132-30C4676D0A36}"
EndProject
Project("{2150E333-8FDC-42A3-9474-1A3956D46DE8}") = "Azure Relay", "Azure Relay", "{33F43F1A-D445-4244-962F-08BD370A3132}"
EndProject
Project("{FAE04EC0-301F-11D3-BF4B-00C04F79EFBC}") = "Fx.Injector.Relay", "Injector\Azure Relay\Fx.Injector.Azure.Relay\Fx.Injector.Relay.csproj", "{69AEDE82-BE36-4725-AF5C-F83BBA5E88CD}"
EndProject
Project("{2150E333-8FDC-42A3-9474-1A3956D46DE8}") = "Azure EventGrid", "Azure EventGrid", "{C7EFBDB2-E643-40F6-BC71-4DDD150F36A2}"
EndProject
Project("{FAE04EC0-301F-11D3-BF4B-00C04F79EFBC}") = "Fx.Injector.EventGrid", "Injector\Azure EventGrid\Fx.Injector.Azure.EventGrid\Fx.Injector.EventGrid.csproj", "{E6B1C497-250C-49D8-B144-1733C5004261}"
EndProject
Project("{FAE04EC0-301F-11D3-BF4B-00C04F79EFBC}") = "Fx.Injector.Console", "Injector\Fx.Injector.Console\Fx.Injector.Console.csproj", "{4EF528CB-2151-4B69-9174-10037C8B06EA}"
EndProject
Global
	GlobalSection(SolutionConfigurationPlatforms) = preSolution
		Debug|Any CPU = Debug|Any CPU
		Release|Any CPU = Release|Any CPU
	EndGlobalSection
	GlobalSection(ProjectConfigurationPlatforms) = postSolution
		{76305502-EA0C-4F00-B0BC-4E5934CF515A}.Debug|Any CPU.ActiveCfg = Debug|Any CPU
		{76305502-EA0C-4F00-B0BC-4E5934CF515A}.Debug|Any CPU.Build.0 = Debug|Any CPU
		{76305502-EA0C-4F00-B0BC-4E5934CF515A}.Release|Any CPU.ActiveCfg = Release|Any CPU
		{76305502-EA0C-4F00-B0BC-4E5934CF515A}.Release|Any CPU.Build.0 = Release|Any CPU
		{BF87FC17-BD8F-46A4-8023-D64498ED1665}.Debug|Any CPU.ActiveCfg = Debug|Any CPU
		{BF87FC17-BD8F-46A4-8023-D64498ED1665}.Debug|Any CPU.Build.0 = Debug|Any CPU
		{BF87FC17-BD8F-46A4-8023-D64498ED1665}.Release|Any CPU.ActiveCfg = Release|Any CPU
		{BF87FC17-BD8F-46A4-8023-D64498ED1665}.Release|Any CPU.Build.0 = Release|Any CPU
		{896BDAD4-EC03-44DD-8B84-531BAB90A53E}.Debug|Any CPU.ActiveCfg = Debug|Any CPU
		{896BDAD4-EC03-44DD-8B84-531BAB90A53E}.Debug|Any CPU.Build.0 = Debug|Any CPU
		{896BDAD4-EC03-44DD-8B84-531BAB90A53E}.Release|Any CPU.ActiveCfg = Release|Any CPU
		{896BDAD4-EC03-44DD-8B84-531BAB90A53E}.Release|Any CPU.Build.0 = Release|Any CPU
		{33501173-4FF9-4E13-A5D2-398373F01E53}.Debug|Any CPU.ActiveCfg = Debug|Any CPU
		{33501173-4FF9-4E13-A5D2-398373F01E53}.Debug|Any CPU.Build.0 = Debug|Any CPU
		{33501173-4FF9-4E13-A5D2-398373F01E53}.Release|Any CPU.ActiveCfg = Release|Any CPU
		{33501173-4FF9-4E13-A5D2-398373F01E53}.Release|Any CPU.Build.0 = Release|Any CPU
		{AEC39C51-FE66-4446-A543-CFB67D856B3E}.Debug|Any CPU.ActiveCfg = Debug|Any CPU
		{AEC39C51-FE66-4446-A543-CFB67D856B3E}.Debug|Any CPU.Build.0 = Debug|Any CPU
		{AEC39C51-FE66-4446-A543-CFB67D856B3E}.Release|Any CPU.ActiveCfg = Release|Any CPU
		{AEC39C51-FE66-4446-A543-CFB67D856B3E}.Release|Any CPU.Build.0 = Release|Any CPU
		{58A68CDF-682F-4572-B91B-65FE28FB96B2}.Debug|Any CPU.ActiveCfg = Debug|Any CPU
		{58A68CDF-682F-4572-B91B-65FE28FB96B2}.Debug|Any CPU.Build.0 = Debug|Any CPU
		{58A68CDF-682F-4572-B91B-65FE28FB96B2}.Release|Any CPU.ActiveCfg = Release|Any CPU
		{58A68CDF-682F-4572-B91B-65FE28FB96B2}.Release|Any CPU.Build.0 = Release|Any CPU
		{A7A2BD84-9C0C-4224-BD30-DED07EC72EEA}.Debug|Any CPU.ActiveCfg = Debug|Any CPU
		{A7A2BD84-9C0C-4224-BD30-DED07EC72EEA}.Debug|Any CPU.Build.0 = Debug|Any CPU
		{A7A2BD84-9C0C-4224-BD30-DED07EC72EEA}.Release|Any CPU.ActiveCfg = Release|Any CPU
		{A7A2BD84-9C0C-4224-BD30-DED07EC72EEA}.Release|Any CPU.Build.0 = Release|Any CPU
		{2FB1EC55-4559-440F-AE74-2A4D5B09BCDD}.Debug|Any CPU.ActiveCfg = Debug|Any CPU
		{2FB1EC55-4559-440F-AE74-2A4D5B09BCDD}.Debug|Any CPU.Build.0 = Debug|Any CPU
		{2FB1EC55-4559-440F-AE74-2A4D5B09BCDD}.Release|Any CPU.ActiveCfg = Release|Any CPU
		{2FB1EC55-4559-440F-AE74-2A4D5B09BCDD}.Release|Any CPU.Build.0 = Release|Any CPU
		{69AEDE82-BE36-4725-AF5C-F83BBA5E88CD}.Debug|Any CPU.ActiveCfg = Debug|Any CPU
		{69AEDE82-BE36-4725-AF5C-F83BBA5E88CD}.Debug|Any CPU.Build.0 = Debug|Any CPU
		{69AEDE82-BE36-4725-AF5C-F83BBA5E88CD}.Release|Any CPU.ActiveCfg = Release|Any CPU
		{69AEDE82-BE36-4725-AF5C-F83BBA5E88CD}.Release|Any CPU.Build.0 = Release|Any CPU
		{E6B1C497-250C-49D8-B144-1733C5004261}.Debug|Any CPU.ActiveCfg = Debug|Any CPU
		{E6B1C497-250C-49D8-B144-1733C5004261}.Debug|Any CPU.Build.0 = Debug|Any CPU
		{E6B1C497-250C-49D8-B144-1733C5004261}.Release|Any CPU.ActiveCfg = Release|Any CPU
		{E6B1C497-250C-49D8-B144-1733C5004261}.Release|Any CPU.Build.0 = Release|Any CPU
		{4EF528CB-2151-4B69-9174-10037C8B06EA}.Debug|Any CPU.ActiveCfg = Debug|Any CPU
		{4EF528CB-2151-4B69-9174-10037C8B06EA}.Debug|Any CPU.Build.0 = Debug|Any CPU
		{4EF528CB-2151-4B69-9174-10037C8B06EA}.Release|Any CPU.ActiveCfg = Release|Any CPU
		{4EF528CB-2151-4B69-9174-10037C8B06EA}.Release|Any CPU.Build.0 = Release|Any CPU
	EndGlobalSection
	GlobalSection(SolutionProperties) = preSolution
		HideSolutionNode = FALSE
	EndGlobalSection
	GlobalSection(NestedProjects) = preSolution
		{76305502-EA0C-4F00-B0BC-4E5934CF515A} = {BECFCA21-A402-4DDA-B876-8F0B088895EC}
		{BF87FC17-BD8F-46A4-8023-D64498ED1665} = {926BD25E-7FDB-4F91-A532-241D77790E3D}
		{896BDAD4-EC03-44DD-8B84-531BAB90A53E} = {D0EA8292-AE06-4BDE-9B48-97952EAC0251}
		{207FA21F-7A03-459F-91F3-8E65918B307A} = {D0EA8292-AE06-4BDE-9B48-97952EAC0251}
		{33501173-4FF9-4E13-A5D2-398373F01E53} = {926BD25E-7FDB-4F91-A532-241D77790E3D}
		{AEC39C51-FE66-4446-A543-CFB67D856B3E} = {207FA21F-7A03-459F-91F3-8E65918B307A}
		{7563C0AD-3727-46DF-A64D-7B77B3C8D0A9} = {D0EA8292-AE06-4BDE-9B48-97952EAC0251}
		{58A68CDF-682F-4572-B91B-65FE28FB96B2} = {7563C0AD-3727-46DF-A64D-7B77B3C8D0A9}
		{13725CB6-E124-456C-9D91-6BAE5D699BEC} = {899CFA02-F667-43F1-A9CC-CCE3D130780B}
		{A7A2BD84-9C0C-4224-BD30-DED07EC72EEA} = {13725CB6-E124-456C-9D91-6BAE5D699BEC}
		{18A2FE72-5B19-42C5-B4AE-2FF899284C50} = {899CFA02-F667-43F1-A9CC-CCE3D130780B}
		{2FB1EC55-4559-440F-AE74-2A4D5B09BCDD} = {18A2FE72-5B19-42C5-B4AE-2FF899284C50}
		{33F43F1A-D445-4244-962F-08BD370A3132} = {CCA40115-599D-4E30-A132-30C4676D0A36}
		{69AEDE82-BE36-4725-AF5C-F83BBA5E88CD} = {33F43F1A-D445-4244-962F-08BD370A3132}
		{C7EFBDB2-E643-40F6-BC71-4DDD150F36A2} = {CCA40115-599D-4E30-A132-30C4676D0A36}
		{E6B1C497-250C-49D8-B144-1733C5004261} = {C7EFBDB2-E643-40F6-BC71-4DDD150F36A2}
		{4EF528CB-2151-4B69-9174-10037C8B06EA} = {CCA40115-599D-4E30-A132-30C4676D0A36}
	EndGlobalSection
	GlobalSection(ExtensibilityGlobals) = postSolution
		SolutionGuid = {8DD731BA-47B6-437A-A9DD-920ED5F89FF6}
	EndGlobalSection
EndGlobal
